
Microsoft Visual Studio Solution File, Format Version 12.00
# Visual Studio Version 17
VisualStudioVersion = 17.0.31903.59
MinimumVisualStudioVersion = 10.0.40219.1
Project("{2150E333-8FDC-42A3-9474-1A3956D46DE8}") = "Services", "Services", "{978E9877-C9B4-4931-B083-B5B43D161F99}"
EndProject
Project("{2150E333-8FDC-42A3-9474-1A3956D46DE8}") = "Catalog", "Catalog", "{E4D3937F-04CF-4B11-A8BD-4B7281D87B82}"
EndProject
Project("{9A19103F-16F7-4668-BE54-9A1E7A4F7556}") = "Catalog.API", "Services\Catalog\Catalog.API\Catalog.API.csproj", "{6B9D06E6-ACCD-4D02-88D8-7267A2DC9648}"
EndProject
Global
	GlobalSection(SolutionConfigurationPlatforms) = preSolution
		Debug|Any CPU = Debug|Any CPU
		Release|Any CPU = Release|Any CPU
	EndGlobalSection
	GlobalSection(ProjectConfigurationPlatforms) = postSolution
		{6B9D06E6-ACCD-4D02-88D8-7267A2DC9648}.Debug|Any CPU.ActiveCfg = Debug|Any CPU
		{6B9D06E6-ACCD-4D02-88D8-7267A2DC9648}.Debug|Any CPU.Build.0 = Debug|Any CPU
		{6B9D06E6-ACCD-4D02-88D8-7267A2DC9648}.Release|Any CPU.ActiveCfg = Release|Any CPU
		{6B9D06E6-ACCD-4D02-88D8-7267A2DC9648}.Release|Any CPU.Build.0 = Release|Any CPU
	EndGlobalSection
	GlobalSection(SolutionProperties) = preSolution
		HideSolutionNode = FALSE
	EndGlobalSection
	GlobalSection(NestedProjects) = preSolution
		{E4D3937F-04CF-4B11-A8BD-4B7281D87B82} = {978E9877-C9B4-4931-B083-B5B43D161F99}
		{6B9D06E6-ACCD-4D02-88D8-7267A2DC9648} = {E4D3937F-04CF-4B11-A8BD-4B7281D87B82}
	EndGlobalSection
	GlobalSection(ExtensibilityGlobals) = postSolution
		SolutionGuid = {FE1F6F29-D773-484B-912D-ACD24A534916}
	EndGlobalSection
EndGlobal
